// !$*UTF8*$!
{
	archiveVersion = 1;
	classes = {
	};
	objectVersion = 46;
	objects = {

/* Begin PBXBuildFile section */
		BA0D0EF81EBF3F8200FF512B /* SelectStationTableViewCell.swift in Sources */ = {isa = PBXBuildFile; fileRef = BA0D0EF71EBF3F8200FF512B /* SelectStationTableViewCell.swift */; };
		BA1D7C091EB65FBB00887519 /* BinaryHeap.swift in Sources */ = {isa = PBXBuildFile; fileRef = BA1D7C081EB65FBB00887519 /* BinaryHeap.swift */; };
		BA2C65B21EABC5B700D735EF /* Kyiv.plist in Resources */ = {isa = PBXBuildFile; fileRef = BA2C65B11EABC5B700D735EF /* Kyiv.plist */; };
		BA36D7BB1EC24E0600BBDBDA /* PathTableViewCell.swift in Sources */ = {isa = PBXBuildFile; fileRef = BA36D7BA1EC24E0600BBDBDA /* PathTableViewCell.swift */; };
		BA4A93051EA4D7BD00E10055 /* AppDelegate.swift in Sources */ = {isa = PBXBuildFile; fileRef = BA4A93041EA4D7BD00E10055 /* AppDelegate.swift */; };
		BA4A93071EA4D7BD00E10055 /* MainViewController.swift in Sources */ = {isa = PBXBuildFile; fileRef = BA4A93061EA4D7BD00E10055 /* MainViewController.swift */; };
		BA4A930A1EA4D7BD00E10055 /* Main.storyboard in Resources */ = {isa = PBXBuildFile; fileRef = BA4A93081EA4D7BD00E10055 /* Main.storyboard */; };
		BA4A930C1EA4D7BD00E10055 /* Assets.xcassets in Resources */ = {isa = PBXBuildFile; fileRef = BA4A930B1EA4D7BD00E10055 /* Assets.xcassets */; };
		BA4A930F1EA4D7BD00E10055 /* LaunchScreen.storyboard in Resources */ = {isa = PBXBuildFile; fileRef = BA4A930D1EA4D7BD00E10055 /* LaunchScreen.storyboard */; };
		BAB8A7AB1EBBD11800AFDBC7 /* Localizable.strings in Resources */ = {isa = PBXBuildFile; fileRef = BAB8A7AD1EBBD11800AFDBC7 /* Localizable.strings */; };
		BAC759AA1EC0E8AA00CB93F7 /* User.swift in Sources */ = {isa = PBXBuildFile; fileRef = BAC759A91EC0E8AA00CB93F7 /* User.swift */; };
		BAD25B0E1EAA84B80011E13E /* SubwayMapView.swift in Sources */ = {isa = PBXBuildFile; fileRef = BAD25B0D1EAA84B80011E13E /* SubwayMapView.swift */; };
		BAD6645B1EAE68150018FF66 /* Subway.swift in Sources */ = {isa = PBXBuildFile; fileRef = BAD6645A1EAE68150018FF66 /* Subway.swift */; };
		BAFCD2D41EB1147700D58071 /* SelectStationTableViewController.swift in Sources */ = {isa = PBXBuildFile; fileRef = BAFCD2D31EB1147700D58071 /* SelectStationTableViewController.swift */; };
/* End PBXBuildFile section */

/* Begin PBXFileReference section */
		BA0D0EF71EBF3F8200FF512B /* SelectStationTableViewCell.swift */ = {isa = PBXFileReference; fileEncoding = 4; lastKnownFileType = sourcecode.swift; path = SelectStationTableViewCell.swift; sourceTree = "<group>"; };
		BA1D7C081EB65FBB00887519 /* BinaryHeap.swift */ = {isa = PBXFileReference; fileEncoding = 4; lastKnownFileType = sourcecode.swift; path = BinaryHeap.swift; sourceTree = "<group>"; };
		BA2C65B11EABC5B700D735EF /* Kyiv.plist */ = {isa = PBXFileReference; fileEncoding = 4; lastKnownFileType = text.plist.xml; path = Kyiv.plist; sourceTree = "<group>"; };
		BA36D7BA1EC24E0600BBDBDA /* PathTableViewCell.swift */ = {isa = PBXFileReference; fileEncoding = 4; lastKnownFileType = sourcecode.swift; path = PathTableViewCell.swift; sourceTree = "<group>"; };
		BA4925981EBD0E8800694F85 /* ru */ = {isa = PBXFileReference; lastKnownFileType = text.plist.strings; name = ru; path = ru.lproj/Main.strings; sourceTree = "<group>"; };
		BA4925991EBD0E8900694F85 /* ru */ = {isa = PBXFileReference; lastKnownFileType = text.plist.strings; name = ru; path = ru.lproj/Localizable.strings; sourceTree = "<group>"; };
		BA4A93011EA4D7BD00E10055 /* Metro Navigator.app */ = {isa = PBXFileReference; explicitFileType = wrapper.application; includeInIndex = 0; path = "Metro Navigator.app"; sourceTree = BUILT_PRODUCTS_DIR; };
		BA4A93041EA4D7BD00E10055 /* AppDelegate.swift */ = {isa = PBXFileReference; lastKnownFileType = sourcecode.swift; path = AppDelegate.swift; sourceTree = "<group>"; };
		BA4A93061EA4D7BD00E10055 /* MainViewController.swift */ = {isa = PBXFileReference; lastKnownFileType = sourcecode.swift; path = MainViewController.swift; sourceTree = "<group>"; };
		BA4A93091EA4D7BD00E10055 /* Base */ = {isa = PBXFileReference; lastKnownFileType = file.storyboard; name = Base; path = Base.lproj/Main.storyboard; sourceTree = "<group>"; };
		BA4A930B1EA4D7BD00E10055 /* Assets.xcassets */ = {isa = PBXFileReference; lastKnownFileType = folder.assetcatalog; path = Assets.xcassets; sourceTree = "<group>"; };
		BA4A930E1EA4D7BD00E10055 /* Base */ = {isa = PBXFileReference; lastKnownFileType = file.storyboard; name = Base; path = Base.lproj/LaunchScreen.storyboard; sourceTree = "<group>"; };
		BA4A93101EA4D7BD00E10055 /* Info.plist */ = {isa = PBXFileReference; lastKnownFileType = text.plist.xml; path = Info.plist; sourceTree = "<group>"; };
		BAB8A7AC1EBBD11800AFDBC7 /* Base */ = {isa = PBXFileReference; lastKnownFileType = text.plist.strings; name = Base; path = Base.lproj/Localizable.strings; sourceTree = "<group>"; };
		BAB8A7AE1EBBD12400AFDBC7 /* uk */ = {isa = PBXFileReference; lastKnownFileType = text.plist.strings; name = uk; path = uk.lproj/Main.strings; sourceTree = "<group>"; };
		BAB8A7AF1EBBD12400AFDBC7 /* uk */ = {isa = PBXFileReference; lastKnownFileType = text.plist.strings; name = uk; path = uk.lproj/Localizable.strings; sourceTree = "<group>"; };
		BAC759A91EC0E8AA00CB93F7 /* User.swift */ = {isa = PBXFileReference; fileEncoding = 4; lastKnownFileType = sourcecode.swift; path = User.swift; sourceTree = "<group>"; };
		BAD25B0D1EAA84B80011E13E /* SubwayMapView.swift */ = {isa = PBXFileReference; fileEncoding = 4; lastKnownFileType = sourcecode.swift; path = SubwayMapView.swift; sourceTree = "<group>"; };
		BAD6645A1EAE68150018FF66 /* Subway.swift */ = {isa = PBXFileReference; fileEncoding = 4; lastKnownFileType = sourcecode.swift; path = Subway.swift; sourceTree = "<group>"; };
		BAFCD2D31EB1147700D58071 /* SelectStationTableViewController.swift */ = {isa = PBXFileReference; fileEncoding = 4; lastKnownFileType = sourcecode.swift; path = SelectStationTableViewController.swift; sourceTree = "<group>"; };
/* End PBXFileReference section */

/* Begin PBXFrameworksBuildPhase section */
		BA4A92FE1EA4D7BD00E10055 /* Frameworks */ = {
			isa = PBXFrameworksBuildPhase;
			buildActionMask = 2147483647;
			files = (
			);
			runOnlyForDeploymentPostprocessing = 0;
		};
/* End PBXFrameworksBuildPhase section */

/* Begin PBXGroup section */
		BA08F4551EC1BD18009F2882 /* Supporting Files */ = {
			isa = PBXGroup;
			children = (
				BA4A93041EA4D7BD00E10055 /* AppDelegate.swift */,
				BAB8A7AD1EBBD11800AFDBC7 /* Localizable.strings */,
				BA4A930D1EA4D7BD00E10055 /* LaunchScreen.storyboard */,
				BA4A93101EA4D7BD00E10055 /* Info.plist */,
			);
			name = "Supporting Files";
			sourceTree = "<group>";
		};
		BA08F4561EC1BD5E009F2882 /* Views */ = {
			isa = PBXGroup;
			children = (
				BAD25B0D1EAA84B80011E13E /* SubwayMapView.swift */,
				BA4A93081EA4D7BD00E10055 /* Main.storyboard */,
			);
			name = Views;
			sourceTree = "<group>";
		};
		BA08F4571EC1BD6C009F2882 /* Model */ = {
			isa = PBXGroup;
			children = (
				BAD6645A1EAE68150018FF66 /* Subway.swift */,
				BA1D7C081EB65FBB00887519 /* BinaryHeap.swift */,
				BAC759A91EC0E8AA00CB93F7 /* User.swift */,
			);
			name = Model;
			sourceTree = "<group>";
		};
		BA08F4581EC1BD85009F2882 /* Resources */ = {
			isa = PBXGroup;
			children = (
				BA4A930B1EA4D7BD00E10055 /* Assets.xcassets */,
				BA2C65B11EABC5B700D735EF /* Kyiv.plist */,
			);
			name = Resources;
			sourceTree = "<group>";
		};
		BA08F4591EC1BDCA009F2882 /* Controllers */ = {
			isa = PBXGroup;
			children = (
				BA4A93061EA4D7BD00E10055 /* MainViewController.swift */,
				BAFCD2D31EB1147700D58071 /* SelectStationTableViewController.swift */,
			);
			name = Controllers;
			sourceTree = "<group>";
		};
		BA08F45A1EC1BE35009F2882 /* Cells */ = {
			isa = PBXGroup;
			children = (
				BA0D0EF71EBF3F8200FF512B /* SelectStationTableViewCell.swift */,
				BA36D7BA1EC24E0600BBDBDA /* PathTableViewCell.swift */,
			);
			name = Cells;
			sourceTree = "<group>";
		};
		BA4A92F81EA4D7BD00E10055 = {
			isa = PBXGroup;
			children = (
				BA4A93031EA4D7BD00E10055 /* Metro Navigator */,
				BA4A93021EA4D7BD00E10055 /* Products */,
			);
			sourceTree = "<group>";
		};
		BA4A93021EA4D7BD00E10055 /* Products */ = {
			isa = PBXGroup;
			children = (
				BA4A93011EA4D7BD00E10055 /* Metro Navigator.app */,
			);
			name = Products;
			sourceTree = "<group>";
		};
		BA4A93031EA4D7BD00E10055 /* Metro Navigator */ = {
			isa = PBXGroup;
			children = (
				BA08F4571EC1BD6C009F2882 /* Model */,
				BA08F4561EC1BD5E009F2882 /* Views */,
				BA08F4591EC1BDCA009F2882 /* Controllers */,
				BA08F45A1EC1BE35009F2882 /* Cells */,
				BA08F4581EC1BD85009F2882 /* Resources */,
				BA08F4551EC1BD18009F2882 /* Supporting Files */,
			);
			path = "Metro Navigator";
			sourceTree = "<group>";
		};
/* End PBXGroup section */

/* Begin PBXNativeTarget section */
		BA4A93001EA4D7BD00E10055 /* Metro Navigator */ = {
			isa = PBXNativeTarget;
			buildConfigurationList = BA4A93131EA4D7BD00E10055 /* Build configuration list for PBXNativeTarget "Metro Navigator" */;
			buildPhases = (
				BA4A92FD1EA4D7BD00E10055 /* Sources */,
				BA4A92FE1EA4D7BD00E10055 /* Frameworks */,
				BA4A92FF1EA4D7BD00E10055 /* Resources */,
			);
			buildRules = (
			);
			dependencies = (
			);
			name = "Metro Navigator";
			productName = "Metro Navigator";
			productReference = BA4A93011EA4D7BD00E10055 /* Metro Navigator.app */;
			productType = "com.apple.product-type.application";
		};
/* End PBXNativeTarget section */

/* Begin PBXProject section */
		BA4A92F91EA4D7BD00E10055 /* Project object */ = {
			isa = PBXProject;
			attributes = {
				LastSwiftUpdateCheck = 0830;
				LastUpgradeCheck = 0830;
				ORGANIZATIONNAME = intellogic;
				TargetAttributes = {
					BA4A93001EA4D7BD00E10055 = {
						CreatedOnToolsVersion = 8.3.1;
						DevelopmentTeam = 5JN378GWYC;
						ProvisioningStyle = Automatic;
					};
				};
			};
			buildConfigurationList = BA4A92FC1EA4D7BD00E10055 /* Build configuration list for PBXProject "Metro Navigator" */;
			compatibilityVersion = "Xcode 3.2";
			developmentRegion = English;
			hasScannedForEncodings = 0;
			knownRegions = (
				en,
				Base,
				uk,
				ru,
			);
			mainGroup = BA4A92F81EA4D7BD00E10055;
			productRefGroup = BA4A93021EA4D7BD00E10055 /* Products */;
			projectDirPath = "";
			projectRoot = "";
			targets = (
				BA4A93001EA4D7BD00E10055 /* Metro Navigator */,
			);
		};
/* End PBXProject section */

/* Begin PBXResourcesBuildPhase section */
		BA4A92FF1EA4D7BD00E10055 /* Resources */ = {
			isa = PBXResourcesBuildPhase;
			buildActionMask = 2147483647;
			files = (
				BAB8A7AB1EBBD11800AFDBC7 /* Localizable.strings in Resources */,
				BA4A930F1EA4D7BD00E10055 /* LaunchScreen.storyboard in Resources */,
				BA4A930C1EA4D7BD00E10055 /* Assets.xcassets in Resources */,
				BA4A930A1EA4D7BD00E10055 /* Main.storyboard in Resources */,
				BA2C65B21EABC5B700D735EF /* Kyiv.plist in Resources */,
			);
			runOnlyForDeploymentPostprocessing = 0;
		};
/* End PBXResourcesBuildPhase section */

/* Begin PBXSourcesBuildPhase section */
		BA4A92FD1EA4D7BD00E10055 /* Sources */ = {
			isa = PBXSourcesBuildPhase;
			buildActionMask = 2147483647;
			files = (
				BA1D7C091EB65FBB00887519 /* BinaryHeap.swift in Sources */,
				BAD25B0E1EAA84B80011E13E /* SubwayMapView.swift in Sources */,
				BA36D7BB1EC24E0600BBDBDA /* PathTableViewCell.swift in Sources */,
				BA0D0EF81EBF3F8200FF512B /* SelectStationTableViewCell.swift in Sources */,
				BA4A93071EA4D7BD00E10055 /* MainViewController.swift in Sources */,
				BAC759AA1EC0E8AA00CB93F7 /* User.swift in Sources */,
				BAD6645B1EAE68150018FF66 /* Subway.swift in Sources */,
				BAFCD2D41EB1147700D58071 /* SelectStationTableViewController.swift in Sources */,
				BA4A93051EA4D7BD00E10055 /* AppDelegate.swift in Sources */,
			);
			runOnlyForDeploymentPostprocessing = 0;
		};
/* End PBXSourcesBuildPhase section */

/* Begin PBXVariantGroup section */
		BA4A93081EA4D7BD00E10055 /* Main.storyboard */ = {
			isa = PBXVariantGroup;
			children = (
				BA4A93091EA4D7BD00E10055 /* Base */,
				BAB8A7AE1EBBD12400AFDBC7 /* uk */,
				BA4925981EBD0E8800694F85 /* ru */,
			);
			name = Main.storyboard;
			sourceTree = "<group>";
		};
		BA4A930D1EA4D7BD00E10055 /* LaunchScreen.storyboard */ = {
			isa = PBXVariantGroup;
			children = (
				BA4A930E1EA4D7BD00E10055 /* Base */,
			);
			name = LaunchScreen.storyboard;
			sourceTree = "<group>";
		};
		BAB8A7AD1EBBD11800AFDBC7 /* Localizable.strings */ = {
			isa = PBXVariantGroup;
			children = (
				BAB8A7AC1EBBD11800AFDBC7 /* Base */,
				BAB8A7AF1EBBD12400AFDBC7 /* uk */,
				BA4925991EBD0E8900694F85 /* ru */,
			);
			name = Localizable.strings;
			sourceTree = "<group>";
		};
/* End PBXVariantGroup section */

/* Begin XCBuildConfiguration section */
		BA4A93111EA4D7BD00E10055 /* Debug */ = {
			isa = XCBuildConfiguration;
			buildSettings = {
				ALWAYS_SEARCH_USER_PATHS = NO;
				CLANG_ANALYZER_LOCALIZABILITY_NONLOCALIZED = YES;
				CLANG_ANALYZER_NONNULL = YES;
				CLANG_ANALYZER_NUMBER_OBJECT_CONVERSION = YES_AGGRESSIVE;
				CLANG_CXX_LANGUAGE_STANDARD = "gnu++0x";
				CLANG_CXX_LIBRARY = "libc++";
				CLANG_ENABLE_MODULES = YES;
				CLANG_ENABLE_OBJC_ARC = YES;
				CLANG_WARN_BOOL_CONVERSION = YES;
				CLANG_WARN_CONSTANT_CONVERSION = YES;
				CLANG_WARN_DIRECT_OBJC_ISA_USAGE = YES_ERROR;
				CLANG_WARN_DOCUMENTATION_COMMENTS = YES;
				CLANG_WARN_EMPTY_BODY = YES;
				CLANG_WARN_ENUM_CONVERSION = YES;
				CLANG_WARN_INFINITE_RECURSION = YES;
				CLANG_WARN_INT_CONVERSION = YES;
				CLANG_WARN_OBJC_ROOT_CLASS = YES_ERROR;
				CLANG_WARN_SUSPICIOUS_MOVE = YES;
				CLANG_WARN_UNREACHABLE_CODE = YES;
				CLANG_WARN__DUPLICATE_METHOD_MATCH = YES;
				"CODE_SIGN_IDENTITY[sdk=iphoneos*]" = "iPhone Developer";
				COPY_PHASE_STRIP = NO;
				DEBUG_INFORMATION_FORMAT = dwarf;
				ENABLE_STRICT_OBJC_MSGSEND = YES;
				ENABLE_TESTABILITY = YES;
				GCC_C_LANGUAGE_STANDARD = gnu99;
				GCC_DYNAMIC_NO_PIC = NO;
				GCC_NO_COMMON_BLOCKS = YES;
				GCC_OPTIMIZATION_LEVEL = 0;
				GCC_PREPROCESSOR_DEFINITIONS = (
					"DEBUG=1",
					"$(inherited)",
				);
				GCC_WARN_64_TO_32_BIT_CONVERSION = YES;
				GCC_WARN_ABOUT_RETURN_TYPE = YES_ERROR;
				GCC_WARN_UNDECLARED_SELECTOR = YES;
				GCC_WARN_UNINITIALIZED_AUTOS = YES_AGGRESSIVE;
				GCC_WARN_UNUSED_FUNCTION = YES;
				GCC_WARN_UNUSED_VARIABLE = YES;
				IPHONEOS_DEPLOYMENT_TARGET = 10.3;
				MTL_ENABLE_DEBUG_INFO = YES;
				ONLY_ACTIVE_ARCH = YES;
				SDKROOT = iphoneos;
				SWIFT_ACTIVE_COMPILATION_CONDITIONS = DEBUG;
				SWIFT_OPTIMIZATION_LEVEL = "-Onone";
			};
			name = Debug;
		};
		BA4A93121EA4D7BD00E10055 /* Release */ = {
			isa = XCBuildConfiguration;
			buildSettings = {
				ALWAYS_SEARCH_USER_PATHS = NO;
				CLANG_ANALYZER_LOCALIZABILITY_NONLOCALIZED = YES;
				CLANG_ANALYZER_NONNULL = YES;
				CLANG_ANALYZER_NUMBER_OBJECT_CONVERSION = YES_AGGRESSIVE;
				CLANG_CXX_LANGUAGE_STANDARD = "gnu++0x";
				CLANG_CXX_LIBRARY = "libc++";
				CLANG_ENABLE_MODULES = YES;
				CLANG_ENABLE_OBJC_ARC = YES;
				CLANG_WARN_BOOL_CONVERSION = YES;
				CLANG_WARN_CONSTANT_CONVERSION = YES;
				CLANG_WARN_DIRECT_OBJC_ISA_USAGE = YES_ERROR;
				CLANG_WARN_DOCUMENTATION_COMMENTS = YES;
				CLANG_WARN_EMPTY_BODY = YES;
				CLANG_WARN_ENUM_CONVERSION = YES;
				CLANG_WARN_INFINITE_RECURSION = YES;
				CLANG_WARN_INT_CONVERSION = YES;
				CLANG_WARN_OBJC_ROOT_CLASS = YES_ERROR;
				CLANG_WARN_SUSPICIOUS_MOVE = YES;
				CLANG_WARN_UNREACHABLE_CODE = YES;
				CLANG_WARN__DUPLICATE_METHOD_MATCH = YES;
				"CODE_SIGN_IDENTITY[sdk=iphoneos*]" = "iPhone Developer";
				COPY_PHASE_STRIP = NO;
				DEBUG_INFORMATION_FORMAT = "dwarf-with-dsym";
				ENABLE_NS_ASSERTIONS = NO;
				ENABLE_STRICT_OBJC_MSGSEND = YES;
				GCC_C_LANGUAGE_STANDARD = gnu99;
				GCC_NO_COMMON_BLOCKS = YES;
				GCC_WARN_64_TO_32_BIT_CONVERSION = YES;
				GCC_WARN_ABOUT_RETURN_TYPE = YES_ERROR;
				GCC_WARN_UNDECLARED_SELECTOR = YES;
				GCC_WARN_UNINITIALIZED_AUTOS = YES_AGGRESSIVE;
				GCC_WARN_UNUSED_FUNCTION = YES;
				GCC_WARN_UNUSED_VARIABLE = YES;
				IPHONEOS_DEPLOYMENT_TARGET = 10.3;
				MTL_ENABLE_DEBUG_INFO = NO;
				SDKROOT = iphoneos;
				SWIFT_OPTIMIZATION_LEVEL = "-Owholemodule";
				VALIDATE_PRODUCT = YES;
			};
			name = Release;
		};
		BA4A93141EA4D7BD00E10055 /* Debug */ = {
			isa = XCBuildConfiguration;
			buildSettings = {
				ASSETCATALOG_COMPILER_APPICON_NAME = AppIcon;
				ASSETCATALOG_COMPILER_LAUNCHIMAGE_NAME = LaunchImage;
				DEVELOPMENT_TEAM = 5JN378GWYC;
				INFOPLIST_FILE = "Metro Navigator/Info.plist";
				IPHONEOS_DEPLOYMENT_TARGET = 9.3;
				LD_RUNPATH_SEARCH_PATHS = "$(inherited) @executable_path/Frameworks";
				PRODUCT_BUNDLE_IDENTIFIER = "intellogic.Metro-Navigator";
				PRODUCT_NAME = "$(TARGET_NAME)";
				SWIFT_VERSION = 3.0;
			};
			name = Debug;
		};
		BA4A93151EA4D7BD00E10055 /* Release */ = {
			isa = XCBuildConfiguration;
			buildSettings = {
				ASSETCATALOG_COMPILER_APPICON_NAME = AppIcon;
				ASSETCATALOG_COMPILER_LAUNCHIMAGE_NAME = LaunchImage;
				DEVELOPMENT_TEAM = 5JN378GWYC;
				INFOPLIST_FILE = "Metro Navigator/Info.plist";
				IPHONEOS_DEPLOYMENT_TARGET = 9.3;
				LD_RUNPATH_SEARCH_PATHS = "$(inherited) @executable_path/Frameworks";
				PRODUCT_BUNDLE_IDENTIFIER = "intellogic.Metro-Navigator";
				PRODUCT_NAME = "$(TARGET_NAME)";
				SWIFT_VERSION = 3.0;
			};
			name = Release;
		};
/* End XCBuildConfiguration section */

/* Begin XCConfigurationList section */
		BA4A92FC1EA4D7BD00E10055 /* Build configuration list for PBXProject "Metro Navigator" */ = {
			isa = XCConfigurationList;
			buildConfigurations = (
				BA4A93111EA4D7BD00E10055 /* Debug */,
				BA4A93121EA4D7BD00E10055 /* Release */,
			);
			defaultConfigurationIsVisible = 0;
			defaultConfigurationName = Release;
		};
		BA4A93131EA4D7BD00E10055 /* Build configuration list for PBXNativeTarget "Metro Navigator" */ = {
			isa = XCConfigurationList;
			buildConfigurations = (
				BA4A93141EA4D7BD00E10055 /* Debug */,
				BA4A93151EA4D7BD00E10055 /* Release */,
			);
			defaultConfigurationIsVisible = 0;
			defaultConfigurationName = Release;
		};
/* End XCConfigurationList section */
	};
	rootObject = BA4A92F91EA4D7BD00E10055 /* Project object */;
}
